{
    "name": "langpatch-telemetry",
    "version": "1.0.0",
    "lockfileVersion": 3,
    "requires": true,
    "packages": {
        "": {
            "name": "langpatch-telemetry",
            "version": "1.0.0",
            "hasInstallScript": true,
            "license": "AGPL-3.0-only",
            "devDependencies": {
                "@netlify/edge-functions": "^3.0.8",
                "@types/deno": "^2.7.0",
                "@types/jsonwebtoken": "^9.0.10",
                "typescript": "^6.0.3"
            }
        },
        "node_modules/@netlify/edge-functions": {
            "version": "3.0.8",
            "resolved": "https://registry.npmjs.org/@netlify/edge-functions/-/edge-functions-3.0.8.tgz",
            "integrity": "sha512-ml1oCDsRTTRmZS2nUj8XRD1b6+foEiZT3lPk7qQ4nv/jnxylHJ20ooPzPDH+cJmGjXFrMeR14/91W1o6D2ftBg==",
            "dev": true,
            "license": "MIT",
            "dependencies": {
                "@netlify/types": "2.8.0"
            },
            "engines": {
                "node": ">=18.0.0"
            }
        },
        "node_modules/@netlify/types": {
            "version": "2.8.0",
            "resolved": "https://registry.npmjs.org/@netlify/types/-/types-2.8.0.tgz",
            "integrity": "sha512-8/g0Pt6y6wXj5Ia5eeYLiXhRfWeqZXGXpGFeCiiQdUOem+FPtXdA4+YdGxqzWc7D0AvptKSO01KGeeVWHSu8Kg==",
            "dev": true,
            "license": "MIT",
            "engines": {
                "node": "^18.14.0 || >=20"
            }
        },
        "node_modules/@types/deno": {
            "version": "2.7.0",
            "resolved": "https://registry.npmjs.org/@types/deno/-/deno-2.7.0.tgz",
            "integrity": "sha512-Y6fWcV8KpYeO3Lik/RiYnUxtr/LWqoeACciU0CA+dr1U/45tGgaX3HWQQAPCNN53raN4Rr4Fht4y6qsUH57fDA==",
            "dev": true,
            "license": "MIT"
        },
        "node_modules/@types/jsonwebtoken": {
            "version": "9.0.10",
            "resolved": "https://registry.npmjs.org/@types/jsonwebtoken/-/jsonwebtoken-9.0.10.tgz",
            "integrity": "sha512-asx5hIG9Qmf/1oStypjanR7iKTv0gXQ1Ov/jfrX6kS/EO0OFni8orbmGCn0672NHR3kXHwpAwR+B368ZGN/2rA==",
            "dev": true,
            "license": "MIT",
            "dependencies": {
                "@types/ms": "*",
                "@types/node": "*"
            }
        },
        "node_modules/@types/ms": {
            "version": "2.1.0",
            "resolved": "https://registry.npmjs.org/@types/ms/-/ms-2.1.0.tgz",
            "integrity": "sha512-GsCCIZDE/p3i96vtEqx+7dBUGXrc7zeSK3wwPHIaRThS+9OhWIXRqzs4d6k1SVU8g91DrNRWxWUGhp5KXQb2VA==",
            "dev": true,
            "license": "MIT"
        },
        "node_modules/@types/node": {
            "version": "25.9.1",
            "resolved": "https://registry.npmjs.org/@types/node/-/node-25.9.1.tgz",
            "integrity": "sha512-xfrlY7UD5rMJk3ZVJP8BNzS28J36YJg+xp+LPXV1TdWxr8uMH5A860QNxYDGQe/ylDSgjxE52Q9VnO7p75tJxg==",
            "dev": true,
            "license": "MIT",
            "dependencies": {
                "undici-types": ">=7.24.0 <7.24.7"
            }
        },
        "node_modules/typescript": {
            "version": "6.0.3",
            "resolved": "https://registry.npmjs.org/typescript/-/typescript-6.0.3.tgz",
            "integrity": "sha512-y2TvuxSZPDyQakkFRPZHKFm+KKVqIisdg9/CZwm9ftvKXLP8NRWj38/ODjNbr43SsoXqNuAisEf1GdCxqWcdBw==",
            "dev": true,
            "license": "Apache-2.0",
            "bin": {
                "tsc": "bin/tsc",
                "tsserver": "bin/tsserver"
            },
            "engines": {
                "node": ">=14.17"
            }
        },
        "node_modules/undici-types": {
            "version": "7.24.6",
            "resolved": "https://registry.npmjs.org/undici-types/-/undici-types-7.24.6.tgz",
            "integrity": "sha512-WRNW+sJgj5OBN4/0JpHFqtqzhpbnV0GuB+OozA9gCL7a993SmU+1JBZCzLNxYsbMfIeDL+lTsphD5jN5N+n0zg==",
            "dev": true,
            "license": "MIT"
        }
    }
}
